Microsoft Visual Studio Solution File, Format Version 12.00
# Visual Studio Version 17
VisualStudioVersion = 17.13.35913.81
MinimumVisualStudioVersion = 10.0.40219.1
Project("{FAE04EC0-301F-11D3-BF4B-00C04F79EFBC}") = "Exercicio2Funcionario", "Exercicio2Funcionario.csproj", "{51319253-C763-49C6-B1B7-2809F785996A}"
EndProject
Global
	GlobalSection(SolutionConfigurationPlatforms) = preSolution
		Debug|Any CPU = Debug|Any CPU
		Release|Any CPU = Release|Any CPU
	EndGlobalSection
	GlobalSection(ProjectConfigurationPlatforms) = postSolution
		{51319253-C763-49C6-B1B7-2809F785996A}.Debug|Any CPU.ActiveCfg = Debug|Any CPU
		{51319253-C763-49C6-B1B7-2809F785996A}.Debug|Any CPU.Build.0 = Debug|Any CPU
		{51319253-C763-49C6-B1B7-2809F785996A}.Release|Any CPU.ActiveCfg = Release|Any CPU
		{51319253-C763-49C6-B1B7-2809F785996A}.Release|Any CPU.Build.0 = Release|Any CPU
	EndGlobalSection
	GlobalSection(SolutionProperties) = preSolution
		HideSolutionNode = FALSE
	EndGlobalSection
	GlobalSection(ExtensibilityGlobals) = postSolution
		SolutionGuid = {98679A75-8FE0-46FA-8E81-8490B499E8BE}
	EndGlobalSection
EndGlobal
