Microsoft Visual Studio Solution File, Format Version 12.00
# Visual Studio Version 17
VisualStudioVersion = 17.13.35913.81
MinimumVisualStudioVersion = 10.0.40219.1
Project("{FAE04EC0-301F-11D3-BF4B-00C04F79EFBC}") = "problemaExemplo-Sem-POO", "problemaExemplo-Sem-POO.csproj", "{FDBC0DED-0F32-4652-B58A-1A705C6C4CCB}"
EndProject
Global
	GlobalSection(SolutionConfigurationPlatforms) = preSolution
		Debug|Any CPU = Debug|Any CPU
		Release|Any CPU = Release|Any CPU
	EndGlobalSection
	GlobalSection(ProjectConfigurationPlatforms) = postSolution
		{FDBC0DED-0F32-4652-B58A-1A705C6C4CCB}.Debug|Any CPU.ActiveCfg = Debug|Any CPU
		{FDBC0DED-0F32-4652-B58A-1A705C6C4CCB}.Debug|Any CPU.Build.0 = Debug|Any CPU
		{FDBC0DED-0F32-4652-B58A-1A705C6C4CCB}.Release|Any CPU.ActiveCfg = Release|Any CPU
		{FDBC0DED-0F32-4652-B58A-1A705C6C4CCB}.Release|Any CPU.Build.0 = Release|Any CPU
	EndGlobalSection
	GlobalSection(SolutionProperties) = preSolution
		HideSolutionNode = FALSE
	EndGlobalSection
	GlobalSection(ExtensibilityGlobals) = postSolution
		SolutionGuid = {048DBD4C-04E1-4577-B031-3ACE79924959}
	EndGlobalSection
EndGlobal
