Microsoft Visual Studio Solution File, Format Version 12.00
# Visual Studio Version 17
VisualStudioVersion = 17.13.35913.81
MinimumVisualStudioVersion = 10.0.40219.1
Project("{FAE04EC0-301F-11D3-BF4B-00C04F79EFBC}") = "Exercicio3NotaAluno", "Exercicio3NotaAluno.csproj", "{F7E6D91B-7470-4EF5-B6D4-AB9BC7667F5E}"
EndProject
Global
	GlobalSection(SolutionConfigurationPlatforms) = preSolution
		Debug|Any CPU = Debug|Any CPU
		Release|Any CPU = Release|Any CPU
	EndGlobalSection
	GlobalSection(ProjectConfigurationPlatforms) = postSolution
		{F7E6D91B-7470-4EF5-B6D4-AB9BC7667F5E}.Debug|Any CPU.ActiveCfg = Debug|Any CPU
		{F7E6D91B-7470-4EF5-B6D4-AB9BC7667F5E}.Debug|Any CPU.Build.0 = Debug|Any CPU
		{F7E6D91B-7470-4EF5-B6D4-AB9BC7667F5E}.Release|Any CPU.ActiveCfg = Release|Any CPU
		{F7E6D91B-7470-4EF5-B6D4-AB9BC7667F5E}.Release|Any CPU.Build.0 = Release|Any CPU
	EndGlobalSection
	GlobalSection(SolutionProperties) = preSolution
		HideSolutionNode = FALSE
	EndGlobalSection
	GlobalSection(ExtensibilityGlobals) = postSolution
		SolutionGuid = {D236E508-CD11-4955-A852-7F7710A6D79F}
	EndGlobalSection
EndGlobal
