Microsoft Visual Studio Solution File, Format Version 12.00
# Visual Studio Version 17
VisualStudioVersion = 17.13.35913.81
MinimumVisualStudioVersion = 10.0.40219.1
Project("{FAE04EC0-301F-11D3-BF4B-00C04F79EFBC}") = "Curse", "Curse\Curse.csproj", "{2C5683F5-D2D9-419A-9692-F02B2848336B}"
EndProject
Global
	GlobalSection(SolutionConfigurationPlatforms) = preSolution
		Debug|Any CPU = Debug|Any CPU
		Release|Any CPU = Release|Any CPU
	EndGlobalSection
	GlobalSection(ProjectConfigurationPlatforms) = postSolution
		{2C5683F5-D2D9-419A-9692-F02B2848336B}.Debug|Any CPU.ActiveCfg = Debug|Any CPU
		{2C5683F5-D2D9-419A-9692-F02B2848336B}.Debug|Any CPU.Build.0 = Debug|Any CPU
		{2C5683F5-D2D9-419A-9692-F02B2848336B}.Release|Any CPU.ActiveCfg = Release|Any CPU
		{2C5683F5-D2D9-419A-9692-F02B2848336B}.Release|Any CPU.Build.0 = Release|Any CPU
	EndGlobalSection
	GlobalSection(SolutionProperties) = preSolution
		HideSolutionNode = FALSE
	EndGlobalSection
	GlobalSection(ExtensibilityGlobals) = postSolution
		SolutionGuid = {65249AF5-A294-471A-BDD0-761561525B2F}
	EndGlobalSection
EndGlobal
